// !$*UTF8*$!
{
	archiveVersion = 1;
	classes = {
	};
	objectVersion = 48;
	objects = {

/* Begin PBXBuildFile section */
		5A33ABD01FD4F22E0087111C /* zenLogo.png in Resources */ = {isa = PBXBuildFile; fileRef = 5A33ABCD1FD4F22E0087111C /* zenLogo.png */; };
		5A33ABD11FD4F22E0087111C /* garden.jpg in Resources */ = {isa = PBXBuildFile; fileRef = 5A33ABCE1FD4F22E0087111C /* garden.jpg */; };
		5A33ABD21FD4F22E0087111C /* zen.png in Resources */ = {isa = PBXBuildFile; fileRef = 5A33ABCF1FD4F22E0087111C /* zen.png */; };
		5A33ABD51FD4F3150087111C /* bell.mp3 in Resources */ = {isa = PBXBuildFile; fileRef = 5A33ABD41FD4F3150087111C /* bell.mp3 */; };
		5A44F84F1FD4CC78009691A9 /* SessionViewController.swift in Sources */ = {isa = PBXBuildFile; fileRef = 5A44F84E1FD4CC78009691A9 /* SessionViewController.swift */; };
		5A44F8511FD4CDAE009691A9 /* SoundPlayer.swift in Sources */ = {isa = PBXBuildFile; fileRef = 5A44F8501FD4CDAE009691A9 /* SoundPlayer.swift */; };
		5A9E79CC1FD22B09008D5E89 /* AppDelegate.swift in Sources */ = {isa = PBXBuildFile; fileRef = 5A9E79CB1FD22B09008D5E89 /* AppDelegate.swift */; };
		5A9E79CE1FD22B09008D5E89 /* ListViewController.swift in Sources */ = {isa = PBXBuildFile; fileRef = 5A9E79CD1FD22B09008D5E89 /* ListViewController.swift */; };
		5A9E79D11FD22B09008D5E89 /* Main.storyboard in Resources */ = {isa = PBXBuildFile; fileRef = 5A9E79CF1FD22B09008D5E89 /* Main.storyboard */; };
		5A9E79D31FD22B09008D5E89 /* Assets.xcassets in Resources */ = {isa = PBXBuildFile; fileRef = 5A9E79D21FD22B09008D5E89 /* Assets.xcassets */; };
		5A9E79D61FD22B09008D5E89 /* LaunchScreen.storyboard in Resources */ = {isa = PBXBuildFile; fileRef = 5A9E79D41FD22B09008D5E89 /* LaunchScreen.storyboard */; };
		5A9E79E41FD22BD1008D5E89 /* Constants.swift in Sources */ = {isa = PBXBuildFile; fileRef = 5A9E79E31FD22BD1008D5E89 /* Constants.swift */; };
		5A9E79E61FD22C51008D5E89 /* Session.swift in Sources */ = {isa = PBXBuildFile; fileRef = 5A9E79E51FD22C51008D5E89 /* Session.swift */; };
		5A9E79E81FD231B2008D5E89 /* SessionEngine.swift in Sources */ = {isa = PBXBuildFile; fileRef = 5A9E79E71FD231B2008D5E89 /* SessionEngine.swift */; };
		5A9E79EB1FD2334F008D5E89 /* UserAlerts.swift in Sources */ = {isa = PBXBuildFile; fileRef = 5A9E79EA1FD2334F008D5E89 /* UserAlerts.swift */; };
		5A9E79ED1FD2397D008D5E89 /* AddSessionViewController.swift in Sources */ = {isa = PBXBuildFile; fileRef = 5A9E79EC1FD2397D008D5E89 /* AddSessionViewController.swift */; };
		5A9E79F11FD24433008D5E89 /* SessionListViewCell.swift in Sources */ = {isa = PBXBuildFile; fileRef = 5A9E79F01FD24433008D5E89 /* SessionListViewCell.swift */; };
/* End PBXBuildFile section */

/* Begin PBXFileReference section */
		5A33ABCD1FD4F22E0087111C /* zenLogo.png */ = {isa = PBXFileReference; lastKnownFileType = image.png; name = zenLogo.png; path = Zendo/Images/zenLogo.png; sourceTree = SOURCE_ROOT; };
		5A33ABCE1FD4F22E0087111C /* garden.jpg */ = {isa = PBXFileReference; lastKnownFileType = image.jpeg; name = garden.jpg; path = Zendo/Images/garden.jpg; sourceTree = SOURCE_ROOT; };
		5A33ABCF1FD4F22E0087111C /* zen.png */ = {isa = PBXFileReference; lastKnownFileType = image.png; name = zen.png; path = Zendo/Images/zen.png; sourceTree = SOURCE_ROOT; };
		5A33ABD41FD4F3150087111C /* bell.mp3 */ = {isa = PBXFileReference; lastKnownFileType = audio.mp3; name = bell.mp3; path = Zendo/Sounds/bell.mp3; sourceTree = SOURCE_ROOT; };
		5A44F84E1FD4CC78009691A9 /* SessionViewController.swift */ = {isa = PBXFileReference; lastKnownFileType = sourcecode.swift; path = SessionViewController.swift; sourceTree = "<group>"; };
		5A44F8501FD4CDAE009691A9 /* SoundPlayer.swift */ = {isa = PBXFileReference; lastKnownFileType = sourcecode.swift; path = SoundPlayer.swift; sourceTree = "<group>"; };
		5A9E79C81FD22B09008D5E89 /* Zendo.app */ = {isa = PBXFileReference; explicitFileType = wrapper.application; includeInIndex = 0; path = Zendo.app; sourceTree = BUILT_PRODUCTS_DIR; };
		5A9E79CB1FD22B09008D5E89 /* AppDelegate.swift */ = {isa = PBXFileReference; lastKnownFileType = sourcecode.swift; path = AppDelegate.swift; sourceTree = "<group>"; };
		5A9E79CD1FD22B09008D5E89 /* ListViewController.swift */ = {isa = PBXFileReference; lastKnownFileType = sourcecode.swift; path = ListViewController.swift; sourceTree = "<group>"; };
		5A9E79D01FD22B09008D5E89 /* Base */ = {isa = PBXFileReference; lastKnownFileType = file.storyboard; name = Base; path = Base.lproj/Main.storyboard; sourceTree = "<group>"; };
		5A9E79D21FD22B09008D5E89 /* Assets.xcassets */ = {isa = PBXFileReference; lastKnownFileType = folder.assetcatalog; path = Assets.xcassets; sourceTree = "<group>"; };
		5A9E79D51FD22B09008D5E89 /* Base */ = {isa = PBXFileReference; lastKnownFileType = file.storyboard; name = Base; path = Base.lproj/LaunchScreen.storyboard; sourceTree = "<group>"; };
		5A9E79D71FD22B09008D5E89 /* Info.plist */ = {isa = PBXFileReference; lastKnownFileType = text.plist.xml; path = Info.plist; sourceTree = "<group>"; };
		5A9E79E31FD22BD1008D5E89 /* Constants.swift */ = {isa = PBXFileReference; lastKnownFileType = sourcecode.swift; path = Constants.swift; sourceTree = "<group>"; };
		5A9E79E51FD22C51008D5E89 /* Session.swift */ = {isa = PBXFileReference; lastKnownFileType = sourcecode.swift; path = Session.swift; sourceTree = "<group>"; };
		5A9E79E71FD231B2008D5E89 /* SessionEngine.swift */ = {isa = PBXFileReference; lastKnownFileType = sourcecode.swift; path = SessionEngine.swift; sourceTree = "<group>"; };
		5A9E79EA1FD2334F008D5E89 /* UserAlerts.swift */ = {isa = PBXFileReference; lastKnownFileType = sourcecode.swift; path = UserAlerts.swift; sourceTree = "<group>"; };
		5A9E79EC1FD2397D008D5E89 /* AddSessionViewController.swift */ = {isa = PBXFileReference; lastKnownFileType = sourcecode.swift; path = AddSessionViewController.swift; sourceTree = "<group>"; };
		5A9E79F01FD24433008D5E89 /* SessionListViewCell.swift */ = {isa = PBXFileReference; lastKnownFileType = sourcecode.swift; path = SessionListViewCell.swift; sourceTree = "<group>"; };
/* End PBXFileReference section */

/* Begin PBXFrameworksBuildPhase section */
		5A9E79C51FD22B09008D5E89 /* Frameworks */ = {
			isa = PBXFrameworksBuildPhase;
			buildActionMask = 2147483647;
			files = (
			);
			runOnlyForDeploymentPostprocessing = 0;
		};
/* End PBXFrameworksBuildPhase section */

/* Begin PBXGroup section */
		5A33ABCC1FD4F2080087111C /* Images */ = {
			isa = PBXGroup;
			children = (
				5A33ABCE1FD4F22E0087111C /* garden.jpg */,
				5A33ABCF1FD4F22E0087111C /* zen.png */,
				5A33ABCD1FD4F22E0087111C /* zenLogo.png */,
			);
			name = Images;
			path = "New Group";
			sourceTree = "<group>";
		};
		5A33ABD31FD4F2E30087111C /* Sounds */ = {
			isa = PBXGroup;
			children = (
				5A33ABD41FD4F3150087111C /* bell.mp3 */,
			);
			name = Sounds;
			path = "New Group";
			sourceTree = "<group>";
		};
		5A9E79BF1FD22B09008D5E89 = {
			isa = PBXGroup;
			children = (
				5A9E79CA1FD22B09008D5E89 /* Zendo */,
				5A9E79C91FD22B09008D5E89 /* Products */,
			);
			sourceTree = "<group>";
		};
		5A9E79C91FD22B09008D5E89 /* Products */ = {
			isa = PBXGroup;
			children = (
				5A9E79C81FD22B09008D5E89 /* Zendo.app */,
			);
			name = Products;
			sourceTree = "<group>";
		};
		5A9E79CA1FD22B09008D5E89 /* Zendo */ = {
			isa = PBXGroup;
			children = (
				5A33ABD31FD4F2E30087111C /* Sounds */,
				5A33ABCC1FD4F2080087111C /* Images */,
				5A9E79E91FD2332E008D5E89 /* Utils */,
				5A9E79E21FD22BB9008D5E89 /* Strings */,
				5A9E79E11FD22B50008D5E89 /* Views */,
				5A9E79E01FD22B46008D5E89 /* Engines */,
				5A9E79DD1FD22B22008D5E89 /* ViewControllers */,
				5A9E79CB1FD22B09008D5E89 /* AppDelegate.swift */,
				5A9E79CF1FD22B09008D5E89 /* Main.storyboard */,
				5A9E79D21FD22B09008D5E89 /* Assets.xcassets */,
				5A9E79D41FD22B09008D5E89 /* LaunchScreen.storyboard */,
				5A9E79D71FD22B09008D5E89 /* Info.plist */,
			);
			path = Zendo;
			sourceTree = "<group>";
		};
		5A9E79DD1FD22B22008D5E89 /* ViewControllers */ = {
			isa = PBXGroup;
			children = (
				5A9E79CD1FD22B09008D5E89 /* ListViewController.swift */,
				5A9E79EC1FD2397D008D5E89 /* AddSessionViewController.swift */,
				5A44F84E1FD4CC78009691A9 /* SessionViewController.swift */,
			);
			path = ViewControllers;
			sourceTree = "<group>";
		};
		5A9E79E01FD22B46008D5E89 /* Engines */ = {
			isa = PBXGroup;
			children = (
				5A9E79E51FD22C51008D5E89 /* Session.swift */,
				5A9E79E71FD231B2008D5E89 /* SessionEngine.swift */,
			);
			path = Engines;
			sourceTree = "<group>";
		};
		5A9E79E11FD22B50008D5E89 /* Views */ = {
			isa = PBXGroup;
			children = (
				5A9E79F01FD24433008D5E89 /* SessionListViewCell.swift */,
			);
			path = Views;
			sourceTree = "<group>";
		};
		5A9E79E21FD22BB9008D5E89 /* Strings */ = {
			isa = PBXGroup;
			children = (
				5A9E79E31FD22BD1008D5E89 /* Constants.swift */,
			);
			path = Strings;
			sourceTree = "<group>";
		};
		5A9E79E91FD2332E008D5E89 /* Utils */ = {
			isa = PBXGroup;
			children = (
				5A9E79EA1FD2334F008D5E89 /* UserAlerts.swift */,
				5A44F8501FD4CDAE009691A9 /* SoundPlayer.swift */,
			);
			path = Utils;
			sourceTree = "<group>";
		};
/* End PBXGroup section */

/* Begin PBXNativeTarget section */
		5A9E79C71FD22B09008D5E89 /* Zendo */ = {
			isa = PBXNativeTarget;
			buildConfigurationList = 5A9E79DA1FD22B09008D5E89 /* Build configuration list for PBXNativeTarget "Zendo" */;
			buildPhases = (
				5A9E79C41FD22B09008D5E89 /* Sources */,
				5A9E79C51FD22B09008D5E89 /* Frameworks */,
				5A9E79C61FD22B09008D5E89 /* Resources */,
			);
			buildRules = (
			);
			dependencies = (
			);
			name = Zendo;
			productName = Zendo;
			productReference = 5A9E79C81FD22B09008D5E89 /* Zendo.app */;
			productType = "com.apple.product-type.application";
		};
/* End PBXNativeTarget section */

/* Begin PBXProject section */
		5A9E79C01FD22B09008D5E89 /* Project object */ = {
			isa = PBXProject;
			attributes = {
				LastSwiftUpdateCheck = 0910;
				LastUpgradeCheck = 0910;
				ORGANIZATIONNAME = NagTime;
				TargetAttributes = {
					5A9E79C71FD22B09008D5E89 = {
						CreatedOnToolsVersion = 9.1;
						ProvisioningStyle = Automatic;
					};
				};
			};
			buildConfigurationList = 5A9E79C31FD22B09008D5E89 /* Build configuration list for PBXProject "Zendo" */;
			compatibilityVersion = "Xcode 8.0";
			developmentRegion = en;
			hasScannedForEncodings = 0;
			knownRegions = (
				en,
				Base,
			);
			mainGroup = 5A9E79BF1FD22B09008D5E89;
			productRefGroup = 5A9E79C91FD22B09008D5E89 /* Products */;
			projectDirPath = "";
			projectRoot = "";
			targets = (
				5A9E79C71FD22B09008D5E89 /* Zendo */,
			);
		};
/* End PBXProject section */

/* Begin PBXResourcesBuildPhase section */
		5A9E79C61FD22B09008D5E89 /* Resources */ = {
			isa = PBXResourcesBuildPhase;
			buildActionMask = 2147483647;
			files = (
				5A33ABD11FD4F22E0087111C /* garden.jpg in Resources */,
				5A9E79D61FD22B09008D5E89 /* LaunchScreen.storyboard in Resources */,
				5A9E79D31FD22B09008D5E89 /* Assets.xcassets in Resources */,
				5A33ABD51FD4F3150087111C /* bell.mp3 in Resources */,
				5A33ABD21FD4F22E0087111C /* zen.png in Resources */,
				5A33ABD01FD4F22E0087111C /* zenLogo.png in Resources */,
				5A9E79D11FD22B09008D5E89 /* Main.storyboard in Resources */,
			);
			runOnlyForDeploymentPostprocessing = 0;
		};
/* End PBXResourcesBuildPhase section */

/* Begin PBXSourcesBuildPhase section */
		5A9E79C41FD22B09008D5E89 /* Sources */ = {
			isa = PBXSourcesBuildPhase;
			buildActionMask = 2147483647;
			files = (
				5A44F8511FD4CDAE009691A9 /* SoundPlayer.swift in Sources */,
				5A9E79E81FD231B2008D5E89 /* SessionEngine.swift in Sources */,
				5A9E79ED1FD2397D008D5E89 /* AddSessionViewController.swift in Sources */,
				5A9E79E61FD22C51008D5E89 /* Session.swift in Sources */,
				5A44F84F1FD4CC78009691A9 /* SessionViewController.swift in Sources */,
				5A9E79CE1FD22B09008D5E89 /* ListViewController.swift in Sources */,
				5A9E79CC1FD22B09008D5E89 /* AppDelegate.swift in Sources */,
				5A9E79E41FD22BD1008D5E89 /* Constants.swift in Sources */,
				5A9E79EB1FD2334F008D5E89 /* UserAlerts.swift in Sources */,
				5A9E79F11FD24433008D5E89 /* SessionListViewCell.swift in Sources */,
			);
			runOnlyForDeploymentPostprocessing = 0;
		};
/* End PBXSourcesBuildPhase section */

/* Begin PBXVariantGroup section */
		5A9E79CF1FD22B09008D5E89 /* Main.storyboard */ = {
			isa = PBXVariantGroup;
			children = (
				5A9E79D01FD22B09008D5E89 /* Base */,
			);
			name = Main.storyboard;
			sourceTree = "<group>";
		};
		5A9E79D41FD22B09008D5E89 /* LaunchScreen.storyboard */ = {
			isa = PBXVariantGroup;
			children = (
				5A9E79D51FD22B09008D5E89 /* Base */,
			);
			name = LaunchScreen.storyboard;
			sourceTree = "<group>";
		};
/* End PBXVariantGroup section */

/* Begin XCBuildConfiguration section */
		5A9E79D81FD22B09008D5E89 /* Debug */ = {
			isa = XCBuildConfiguration;
			buildSettings = {
				ALWAYS_SEARCH_USER_PATHS = NO;
				CLANG_ANALYZER_NONNULL = YES;
				CLANG_ANALYZER_NUMBER_OBJECT_CONVERSION = YES_AGGRESSIVE;
				CLANG_CXX_LANGUAGE_STANDARD = "gnu++14";
				CLANG_CXX_LIBRARY = "libc++";
				CLANG_ENABLE_MODULES = YES;
				CLANG_ENABLE_OBJC_ARC = YES;
				CLANG_WARN_BLOCK_CAPTURE_AUTORELEASING = YES;
				CLANG_WARN_BOOL_CONVERSION = YES;
				CLANG_WARN_COMMA = YES;
				CLANG_WARN_CONSTANT_CONVERSION = YES;
				CLANG_WARN_DIRECT_OBJC_ISA_USAGE = YES_ERROR;
				CLANG_WARN_DOCUMENTATION_COMMENTS = YES;
				CLANG_WARN_EMPTY_BODY = YES;
				CLANG_WARN_ENUM_CONVERSION = YES;
				CLANG_WARN_INFINITE_RECURSION = YES;
				CLANG_WARN_INT_CONVERSION = YES;
				CLANG_WARN_NON_LITERAL_NULL_CONVERSION = YES;
				CLANG_WARN_OBJC_LITERAL_CONVERSION = YES;
				CLANG_WARN_OBJC_ROOT_CLASS = YES_ERROR;
				CLANG_WARN_RANGE_LOOP_ANALYSIS = YES;
				CLANG_WARN_STRICT_PROTOTYPES = YES;
				CLANG_WARN_SUSPICIOUS_MOVE = YES;
				CLANG_WARN_UNGUARDED_AVAILABILITY = YES_AGGRESSIVE;
				CLANG_WARN_UNREACHABLE_CODE = YES;
				CLANG_WARN__DUPLICATE_METHOD_MATCH = YES;
				CODE_SIGN_IDENTITY = "iPhone Developer";
				COPY_PHASE_STRIP = NO;
				DEBUG_INFORMATION_FORMAT = dwarf;
				ENABLE_STRICT_OBJC_MSGSEND = YES;
				ENABLE_TESTABILITY = YES;
				GCC_C_LANGUAGE_STANDARD = gnu11;
				GCC_DYNAMIC_NO_PIC = NO;
				GCC_NO_COMMON_BLOCKS = YES;
				GCC_OPTIMIZATION_LEVEL = 0;
				GCC_PREPROCESSOR_DEFINITIONS = (
					"DEBUG=1",
					"$(inherited)",
				);
				GCC_WARN_64_TO_32_BIT_CONVERSION = YES;
				GCC_WARN_ABOUT_RETURN_TYPE = YES_ERROR;
				GCC_WARN_UNDECLARED_SELECTOR = YES;
				GCC_WARN_UNINITIALIZED_AUTOS = YES_AGGRESSIVE;
				GCC_WARN_UNUSED_FUNCTION = YES;
				GCC_WARN_UNUSED_VARIABLE = YES;
				IPHONEOS_DEPLOYMENT_TARGET = 11.1;
				MTL_ENABLE_DEBUG_INFO = YES;
				ONLY_ACTIVE_ARCH = YES;
				SDKROOT = iphoneos;
				SWIFT_ACTIVE_COMPILATION_CONDITIONS = DEBUG;
				SWIFT_OPTIMIZATION_LEVEL = "-Onone";
			};
			name = Debug;
		};
		5A9E79D91FD22B09008D5E89 /* Release */ = {
			isa = XCBuildConfiguration;
			buildSettings = {
				ALWAYS_SEARCH_USER_PATHS = NO;
				CLANG_ANALYZER_NONNULL = YES;
				CLANG_ANALYZER_NUMBER_OBJECT_CONVERSION = YES_AGGRESSIVE;
				CLANG_CXX_LANGUAGE_STANDARD = "gnu++14";
				CLANG_CXX_LIBRARY = "libc++";
				CLANG_ENABLE_MODULES = YES;
				CLANG_ENABLE_OBJC_ARC = YES;
				CLANG_WARN_BLOCK_CAPTURE_AUTORELEASING = YES;
				CLANG_WARN_BOOL_CONVERSION = YES;
				CLANG_WARN_COMMA = YES;
				CLANG_WARN_CONSTANT_CONVERSION = YES;
				CLANG_WARN_DIRECT_OBJC_ISA_USAGE = YES_ERROR;
				CLANG_WARN_DOCUMENTATION_COMMENTS = YES;
				CLANG_WARN_EMPTY_BODY = YES;
				CLANG_WARN_ENUM_CONVERSION = YES;
				CLANG_WARN_INFINITE_RECURSION = YES;
				CLANG_WARN_INT_CONVERSION = YES;
				CLANG_WARN_NON_LITERAL_NULL_CONVERSION = YES;
				CLANG_WARN_OBJC_LITERAL_CONVERSION = YES;
				CLANG_WARN_OBJC_ROOT_CLASS = YES_ERROR;
				CLANG_WARN_RANGE_LOOP_ANALYSIS = YES;
				CLANG_WARN_STRICT_PROTOTYPES = YES;
				CLANG_WARN_SUSPICIOUS_MOVE = YES;
				CLANG_WARN_UNGUARDED_AVAILABILITY = YES_AGGRESSIVE;
				CLANG_WARN_UNREACHABLE_CODE = YES;
				CLANG_WARN__DUPLICATE_METHOD_MATCH = YES;
				CODE_SIGN_IDENTITY = "iPhone Developer";
				COPY_PHASE_STRIP = NO;
				DEBUG_INFORMATION_FORMAT = "dwarf-with-dsym";
				ENABLE_NS_ASSERTIONS = NO;
				ENABLE_STRICT_OBJC_MSGSEND = YES;
				GCC_C_LANGUAGE_STANDARD = gnu11;
				GCC_NO_COMMON_BLOCKS = YES;
				GCC_WARN_64_TO_32_BIT_CONVERSION = YES;
				GCC_WARN_ABOUT_RETURN_TYPE = YES_ERROR;
				GCC_WARN_UNDECLARED_SELECTOR = YES;
				GCC_WARN_UNINITIALIZED_AUTOS = YES_AGGRESSIVE;
				GCC_WARN_UNUSED_FUNCTION = YES;
				GCC_WARN_UNUSED_VARIABLE = YES;
				IPHONEOS_DEPLOYMENT_TARGET = 11.1;
				MTL_ENABLE_DEBUG_INFO = NO;
				SDKROOT = iphoneos;
				SWIFT_OPTIMIZATION_LEVEL = "-Owholemodule";
				VALIDATE_PRODUCT = YES;
			};
			name = Release;
		};
		5A9E79DB1FD22B09008D5E89 /* Debug */ = {
			isa = XCBuildConfiguration;
			buildSettings = {
				ASSETCATALOG_COMPILER_APPICON_NAME = AppIcon;
				CODE_SIGN_STYLE = Automatic;
				DEVELOPMENT_TEAM = JDQKCVEX3J;
				INFOPLIST_FILE = Zendo/Info.plist;
				LD_RUNPATH_SEARCH_PATHS = "$(inherited) @executable_path/Frameworks";
				PRODUCT_BUNDLE_IDENTIFIER = com.nagtime.Zendo;
				PRODUCT_NAME = "$(TARGET_NAME)";
				SWIFT_VERSION = 4.0;
				TARGETED_DEVICE_FAMILY = "1,2";
			};
			name = Debug;
		};
		5A9E79DC1FD22B09008D5E89 /* Release */ = {
			isa = XCBuildConfiguration;
			buildSettings = {
				ASSETCATALOG_COMPILER_APPICON_NAME = AppIcon;
				CODE_SIGN_STYLE = Automatic;
				DEVELOPMENT_TEAM = JDQKCVEX3J;
				INFOPLIST_FILE = Zendo/Info.plist;
				LD_RUNPATH_SEARCH_PATHS = "$(inherited) @executable_path/Frameworks";
				PRODUCT_BUNDLE_IDENTIFIER = com.nagtime.Zendo;
				PRODUCT_NAME = "$(TARGET_NAME)";
				SWIFT_VERSION = 4.0;
				TARGETED_DEVICE_FAMILY = "1,2";
			};
			name = Release;
		};
/* End XCBuildConfiguration section */

/* Begin XCConfigurationList section */
		5A9E79C31FD22B09008D5E89 /* Build configuration list for PBXProject "Zendo" */ = {
			isa = XCConfigurationList;
			buildConfigurations = (
				5A9E79D81FD22B09008D5E89 /* Debug */,
				5A9E79D91FD22B09008D5E89 /* Release */,
			);
			defaultConfigurationIsVisible = 0;
			defaultConfigurationName = Release;
		};
		5A9E79DA1FD22B09008D5E89 /* Build configuration list for PBXNativeTarget "Zendo" */ = {
			isa = XCConfigurationList;
			buildConfigurations = (
				5A9E79DB1FD22B09008D5E89 /* Debug */,
				5A9E79DC1FD22B09008D5E89 /* Release */,
			);
			defaultConfigurationIsVisible = 0;
			defaultConfigurationName = Release;
		};
/* End XCConfigurationList section */
	};
	rootObject = 5A9E79C01FD22B09008D5E89 /* Project object */;
}
